
Microsoft Visual Studio Solution File, Format Version 12.00
# Visual Studio Version 17
VisualStudioVersion = 17.2.32516.85
MinimumVisualStudioVersion = 10.0.40219.1
Project("{FAE04EC0-301F-11D3-BF4B-00C04F79EFBC}") = "FirstMVCApp", "FirstMVCApp\FirstMVCApp.csproj", "{9F309D38-F78D-4131-B1EA-A72208691BBB}"
EndProject
Global
	GlobalSection(SolutionConfigurationPlatforms) = preSolution
		Debug|Any CPU = Debug|Any CPU
		Release|Any CPU = Release|Any CPU
	EndGlobalSection
	GlobalSection(ProjectConfigurationPlatforms) = postSolution
		{9F309D38-F78D-4131-B1EA-A72208691BBB}.Debug|Any CPU.ActiveCfg = Debug|Any CPU
		{9F309D38-F78D-4131-B1EA-A72208691BBB}.Debug|Any CPU.Build.0 = Debug|Any CPU
		{9F309D38-F78D-4131-B1EA-A72208691BBB}.Release|Any CPU.ActiveCfg = Release|Any CPU
		{9F309D38-F78D-4131-B1EA-A72208691BBB}.Release|Any CPU.Build.0 = Release|Any CPU
	EndGlobalSection
	GlobalSection(SolutionProperties) = preSolution
		HideSolutionNode = FALSE
	EndGlobalSection
	GlobalSection(ExtensibilityGlobals) = postSolution
		SolutionGuid = {355ED3CE-D740-4BF4-A219-A13B57E10D1B}
	EndGlobalSection
EndGlobal
